
Microsoft Visual Studio Solution File, Format Version 12.00
# Visual Studio Version 17
VisualStudioVersion = 17.2.32616.157
MinimumVisualStudioVersion = 10.0.40219.1
Project("{FAE04EC0-301F-11D3-BF4B-00C04F79EFBC}") = "ScreenshotWithTime", "ScreenshotWithTime\ScreenshotWithTime.csproj", "{2DEF7BD5-C99C-41C4-9B69-FA26BF50BA54}"
EndProject
Global
	GlobalSection(SolutionConfigurationPlatforms) = preSolution
		Debug|Any CPU = Debug|Any CPU
		Release|Any CPU = Release|Any CPU
	EndGlobalSection
	GlobalSection(ProjectConfigurationPlatforms) = postSolution
		{2DEF7BD5-C99C-41C4-9B69-FA26BF50BA54}.Debug|Any CPU.ActiveCfg = Debug|Any CPU
		{2DEF7BD5-C99C-41C4-9B69-FA26BF50BA54}.Debug|Any CPU.Build.0 = Debug|Any CPU
		{2DEF7BD5-C99C-41C4-9B69-FA26BF50BA54}.Release|Any CPU.ActiveCfg = Release|Any CPU
		{2DEF7BD5-C99C-41C4-9B69-FA26BF50BA54}.Release|Any CPU.Build.0 = Release|Any CPU
	EndGlobalSection
	GlobalSection(SolutionProperties) = preSolution
		HideSolutionNode = FALSE
	EndGlobalSection
	GlobalSection(ExtensibilityGlobals) = postSolution
		SolutionGuid = {381D512D-A039-405B-A61F-5EAE8AB25328}
	EndGlobalSection
EndGlobal
